// !$*UTF8*$!
{
	archiveVersion = 1;
	classes = {
	};
	objectVersion = 46;
	objects = {

/* Begin PBXBuildFile section */
		629DB2981F4C4C0C00D00118 /* glad.c in Sources */ = {isa = PBXBuildFile; fileRef = 629DB2971F4C4C0C00D00118 /* glad.c */; };
		629DB29D1F4C5F4000D00118 /* libglfw3.a in Frameworks */ = {isa = PBXBuildFile; fileRef = 629DB28B1F4C317600D00118 /* libglfw3.a */; };
		629DB29F1F4C650E00D00118 /* OpenGL.framework in Frameworks */ = {isa = PBXBuildFile; fileRef = 629DB29E1F4C650E00D00118 /* OpenGL.framework */; };
		629DB2A11F4C65B800D00118 /* IOKit.framework in Frameworks */ = {isa = PBXBuildFile; fileRef = 629DB2A01F4C65B700D00118 /* IOKit.framework */; };
		629DB2A31F4C65BE00D00118 /* CoreVideo.framework in Frameworks */ = {isa = PBXBuildFile; fileRef = 629DB2A21F4C65BE00D00118 /* CoreVideo.framework */; };
		629DB2A61F4D246500D00118 /* Cocoa.framework in Frameworks */ = {isa = PBXBuildFile; fileRef = 629DB2A41F4C65C200D00118 /* Cocoa.framework */; };
		629DB2A81F4D30B400D00118 /* LoadShaders.cpp in Sources */ = {isa = PBXBuildFile; fileRef = 629DB2A71F4D30B400D00118 /* LoadShaders.cpp */; };
		629E723B1F4C11A3002B0D8D /* main.cpp in Sources */ = {isa = PBXBuildFile; fileRef = 629E723A1F4C11A3002B0D8D /* main.cpp */; };
/* End PBXBuildFile section */

/* Begin PBXCopyFilesBuildPhase section */
		629E72351F4C11A3002B0D8D /* CopyFiles */ = {
			isa = PBXCopyFilesBuildPhase;
			buildActionMask = 2147483647;
			dstPath = /usr/share/man/man1;
			dstSubfolderSpec = 0;
			files = (
			);
			runOnlyForDeploymentPostprocessing = 1;
		};
/* End PBXCopyFilesBuildPhase section */

/* Begin PBXFileReference section */
		629DB28B1F4C317600D00118 /* libglfw3.a */ = {isa = PBXFileReference; lastKnownFileType = archive.ar; name = libglfw3.a; path = ../../../../../../../usr/local/lib/libglfw3.a; sourceTree = "<group>"; };
		629DB2971F4C4C0C00D00118 /* glad.c */ = {isa = PBXFileReference; lastKnownFileType = sourcecode.c.c; name = glad.c; path = ../lib/glad.c; sourceTree = "<group>"; };
		629DB29E1F4C650E00D00118 /* OpenGL.framework */ = {isa = PBXFileReference; lastKnownFileType = wrapper.framework; name = OpenGL.framework; path = System/Library/Frameworks/OpenGL.framework; sourceTree = SDKROOT; };
		629DB2A01F4C65B700D00118 /* IOKit.framework */ = {isa = PBXFileReference; lastKnownFileType = wrapper.framework; name = IOKit.framework; path = System/Library/Frameworks/IOKit.framework; sourceTree = SDKROOT; };
		629DB2A21F4C65BE00D00118 /* CoreVideo.framework */ = {isa = PBXFileReference; lastKnownFileType = wrapper.framework; name = CoreVideo.framework; path = System/Library/Frameworks/CoreVideo.framework; sourceTree = SDKROOT; };
		629DB2A41F4C65C200D00118 /* Cocoa.framework */ = {isa = PBXFileReference; lastKnownFileType = wrapper.framework; name = Cocoa.framework; path = System/Library/Frameworks/Cocoa.framework; sourceTree = SDKROOT; };
		629DB2A71F4D30B400D00118 /* LoadShaders.cpp */ = {isa = PBXFileReference; lastKnownFileType = sourcecode.cpp.cpp; name = LoadShaders.cpp; path = ../lib/LoadShaders.cpp; sourceTree = "<group>"; };
		629E72371F4C11A3002B0D8D /* Triangles */ = {isa = PBXFileReference; explicitFileType = "compiled.mach-o.executable"; includeInIndex = 0; path = Triangles; sourceTree = BUILT_PRODUCTS_DIR; };
		629E723A1F4C11A3002B0D8D /* main.cpp */ = {isa = PBXFileReference; lastKnownFileType = sourcecode.cpp.cpp; path = main.cpp; sourceTree = "<group>"; };
/* End PBXFileReference section */

/* Begin PBXFrameworksBuildPhase section */
		629E72341F4C11A3002B0D8D /* Frameworks */ = {
			isa = PBXFrameworksBuildPhase;
			buildActionMask = 2147483647;
			files = (
				629DB2A61F4D246500D00118 /* Cocoa.framework in Frameworks */,
				629DB2A31F4C65BE00D00118 /* CoreVideo.framework in Frameworks */,
				629DB2A11F4C65B800D00118 /* IOKit.framework in Frameworks */,
				629DB29F1F4C650E00D00118 /* OpenGL.framework in Frameworks */,
				629DB29D1F4C5F4000D00118 /* libglfw3.a in Frameworks */,
			);
			runOnlyForDeploymentPostprocessing = 0;
		};
/* End PBXFrameworksBuildPhase section */

/* Begin PBXGroup section */
		629DB28A1F4C317600D00118 /* Frameworks */ = {
			isa = PBXGroup;
			children = (
				629DB2A41F4C65C200D00118 /* Cocoa.framework */,
				629DB2A21F4C65BE00D00118 /* CoreVideo.framework */,
				629DB2A01F4C65B700D00118 /* IOKit.framework */,
				629DB29E1F4C650E00D00118 /* OpenGL.framework */,
				629DB28B1F4C317600D00118 /* libglfw3.a */,
			);
			name = Frameworks;
			sourceTree = "<group>";
		};
		629E722E1F4C11A3002B0D8D = {
			isa = PBXGroup;
			children = (
				629DB2A71F4D30B400D00118 /* LoadShaders.cpp */,
				629DB2971F4C4C0C00D00118 /* glad.c */,
				629E72391F4C11A3002B0D8D /* Triangles */,
				629E72381F4C11A3002B0D8D /* Products */,
				629DB28A1F4C317600D00118 /* Frameworks */,
			);
			sourceTree = "<group>";
		};
		629E72381F4C11A3002B0D8D /* Products */ = {
			isa = PBXGroup;
			children = (
				629E72371F4C11A3002B0D8D /* Triangles */,
			);
			name = Products;
			sourceTree = "<group>";
		};
		629E72391F4C11A3002B0D8D /* Triangles */ = {
			isa = PBXGroup;
			children = (
				629E723A1F4C11A3002B0D8D /* main.cpp */,
			);
			path = Triangles;
			sourceTree = "<group>";
		};
/* End PBXGroup section */

/* Begin PBXNativeTarget section */
		629E72361F4C11A3002B0D8D /* Triangles */ = {
			isa = PBXNativeTarget;
			buildConfigurationList = 629E723E1F4C11A3002B0D8D /* Build configuration list for PBXNativeTarget "Triangles" */;
			buildPhases = (
				629E72331F4C11A3002B0D8D /* Sources */,
				629E72341F4C11A3002B0D8D /* Frameworks */,
				629E72351F4C11A3002B0D8D /* CopyFiles */,
			);
			buildRules = (
			);
			dependencies = (
			);
			name = Triangles;
			productName = Triangles;
			productReference = 629E72371F4C11A3002B0D8D /* Triangles */;
			productType = "com.apple.product-type.tool";
		};
/* End PBXNativeTarget section */

/* Begin PBXProject section */
		629E722F1F4C11A3002B0D8D /* Project object */ = {
			isa = PBXProject;
			attributes = {
				LastUpgradeCheck = 0830;
				ORGANIZATIONNAME = Copoch;
				TargetAttributes = {
					629E72361F4C11A3002B0D8D = {
						CreatedOnToolsVersion = 8.3.3;
						DevelopmentTeam = UEN8VGF32F;
						ProvisioningStyle = Automatic;
					};
				};
			};
			buildConfigurationList = 629E72321F4C11A3002B0D8D /* Build configuration list for PBXProject "Triangles" */;
			compatibilityVersion = "Xcode 3.2";
			developmentRegion = English;
			hasScannedForEncodings = 0;
			knownRegions = (
				en,
			);
			mainGroup = 629E722E1F4C11A3002B0D8D;
			productRefGroup = 629E72381F4C11A3002B0D8D /* Products */;
			projectDirPath = "";
			projectRoot = "";
			targets = (
				629E72361F4C11A3002B0D8D /* Triangles */,
			);
		};
/* End PBXProject section */

/* Begin PBXSourcesBuildPhase section */
		629E72331F4C11A3002B0D8D /* Sources */ = {
			isa = PBXSourcesBuildPhase;
			buildActionMask = 2147483647;
			files = (
				629DB2A81F4D30B400D00118 /* LoadShaders.cpp in Sources */,
				629DB2981F4C4C0C00D00118 /* glad.c in Sources */,
				629E723B1F4C11A3002B0D8D /* main.cpp in Sources */,
			);
			runOnlyForDeploymentPostprocessing = 0;
		};
/* End PBXSourcesBuildPhase section */

/* Begin XCBuildConfiguration section */
		629E723C1F4C11A3002B0D8D /* Debug */ = {
			isa = XCBuildConfiguration;
			buildSettings = {
				ALWAYS_SEARCH_USER_PATHS = NO;
				CLANG_ANALYZER_NONNULL = YES;
				CLANG_ANALYZER_NUMBER_OBJECT_CONVERSION = YES_AGGRESSIVE;
				CLANG_CXX_LANGUAGE_STANDARD = "gnu++0x";
				CLANG_CXX_LIBRARY = "libc++";
				CLANG_ENABLE_MODULES = YES;
				CLANG_ENABLE_OBJC_ARC = YES;
				CLANG_WARN_BOOL_CONVERSION = YES;
				CLANG_WARN_CONSTANT_CONVERSION = YES;
				CLANG_WARN_DIRECT_OBJC_ISA_USAGE = YES_ERROR;
				CLANG_WARN_DOCUMENTATION_COMMENTS = YES;
				CLANG_WARN_EMPTY_BODY = YES;
				CLANG_WARN_ENUM_CONVERSION = YES;
				CLANG_WARN_INFINITE_RECURSION = YES;
				CLANG_WARN_INT_CONVERSION = YES;
				CLANG_WARN_OBJC_ROOT_CLASS = YES_ERROR;
				CLANG_WARN_SUSPICIOUS_MOVE = YES;
				CLANG_WARN_UNREACHABLE_CODE = YES;
				CLANG_WARN__DUPLICATE_METHOD_MATCH = YES;
				CODE_SIGN_IDENTITY = "-";
				COPY_PHASE_STRIP = NO;
				DEBUG_INFORMATION_FORMAT = dwarf;
				ENABLE_STRICT_OBJC_MSGSEND = YES;
				ENABLE_TESTABILITY = YES;
				GCC_C_LANGUAGE_STANDARD = gnu99;
				GCC_DYNAMIC_NO_PIC = NO;
				GCC_NO_COMMON_BLOCKS = YES;
				GCC_OPTIMIZATION_LEVEL = 0;
				GCC_PREPROCESSOR_DEFINITIONS = (
					"DEBUG=1",
					"$(inherited)",
				);
				GCC_WARN_64_TO_32_BIT_CONVERSION = YES;
				GCC_WARN_ABOUT_RETURN_TYPE = YES_ERROR;
				GCC_WARN_UNDECLARED_SELECTOR = YES;
				GCC_WARN_UNINITIALIZED_AUTOS = YES_AGGRESSIVE;
				GCC_WARN_UNUSED_FUNCTION = YES;
				GCC_WARN_UNUSED_VARIABLE = YES;
				MACOSX_DEPLOYMENT_TARGET = 10.12;
				MTL_ENABLE_DEBUG_INFO = YES;
				ONLY_ACTIVE_ARCH = YES;
				SDKROOT = macosx;
			};
			name = Debug;
		};
		629E723D1F4C11A3002B0D8D /* Release */ = {
			isa = XCBuildConfiguration;
			buildSettings = {
				ALWAYS_SEARCH_USER_PATHS = NO;
				CLANG_ANALYZER_NONNULL = YES;
				CLANG_ANALYZER_NUMBER_OBJECT_CONVERSION = YES_AGGRESSIVE;
				CLANG_CXX_LANGUAGE_STANDARD = "gnu++0x";
				CLANG_CXX_LIBRARY = "libc++";
				CLANG_ENABLE_MODULES = YES;
				CLANG_ENABLE_OBJC_ARC = YES;
				CLANG_WARN_BOOL_CONVERSION = YES;
				CLANG_WARN_CONSTANT_CONVERSION = YES;
				CLANG_WARN_DIRECT_OBJC_ISA_USAGE = YES_ERROR;
				CLANG_WARN_DOCUMENTATION_COMMENTS = YES;
				CLANG_WARN_EMPTY_BODY = YES;
				CLANG_WARN_ENUM_CONVERSION = YES;
				CLANG_WARN_INFINITE_RECURSION = YES;
				CLANG_WARN_INT_CONVERSION = YES;
				CLANG_WARN_OBJC_ROOT_CLASS = YES_ERROR;
				CLANG_WARN_SUSPICIOUS_MOVE = YES;
				CLANG_WARN_UNREACHABLE_CODE = YES;
				CLANG_WARN__DUPLICATE_METHOD_MATCH = YES;
				CODE_SIGN_IDENTITY = "-";
				COPY_PHASE_STRIP = NO;
				DEBUG_INFORMATION_FORMAT = "dwarf-with-dsym";
				ENABLE_NS_ASSERTIONS = NO;
				ENABLE_STRICT_OBJC_MSGSEND = YES;
				GCC_C_LANGUAGE_STANDARD = gnu99;
				GCC_NO_COMMON_BLOCKS = YES;
				GCC_WARN_64_TO_32_BIT_CONVERSION = YES;
				GCC_WARN_ABOUT_RETURN_TYPE = YES_ERROR;
				GCC_WARN_UNDECLARED_SELECTOR = YES;
				GCC_WARN_UNINITIALIZED_AUTOS = YES_AGGRESSIVE;
				GCC_WARN_UNUSED_FUNCTION = YES;
				GCC_WARN_UNUSED_VARIABLE = YES;
				MACOSX_DEPLOYMENT_TARGET = 10.12;
				MTL_ENABLE_DEBUG_INFO = NO;
				SDKROOT = macosx;
			};
			name = Release;
		};
		629E723F1F4C11A3002B0D8D /* Debug */ = {
			isa = XCBuildConfiguration;
			buildSettings = {
				DEVELOPMENT_TEAM = UEN8VGF32F;
				HEADER_SEARCH_PATHS = (
					/usr/local/include,
					"${PROJECT_DIR}/../include",
				);
				LIBRARY_SEARCH_PATHS = (
					/usr/local/lib,
					"${PROJECT_DIR}/../lib",
				);
				OTHER_LDFLAGS = "-IGLFW";
				PRODUCT_NAME = "$(TARGET_NAME)";
			};
			name = Debug;
		};
		629E72401F4C11A3002B0D8D /* Release */ = {
			isa = XCBuildConfiguration;
			buildSettings = {
				DEVELOPMENT_TEAM = UEN8VGF32F;
				HEADER_SEARCH_PATHS = (
					/usr/local/include,
					"${PROJECT_DIR}/../include",
				);
				LIBRARY_SEARCH_PATHS = (
					/usr/local/lib,
					"${PROJECT_DIR}/../lib",
				);
				OTHER_LDFLAGS = "-IGLFW";
				PRODUCT_NAME = "$(TARGET_NAME)";
			};
			name = Release;
		};
/* End XCBuildConfiguration section */

/* Begin XCConfigurationList section */
		629E72321F4C11A3002B0D8D /* Build configuration list for PBXProject "Triangles" */ = {
			isa = XCConfigurationList;
			buildConfigurations = (
				629E723C1F4C11A3002B0D8D /* Debug */,
				629E723D1F4C11A3002B0D8D /* Release */,
			);
			defaultConfigurationIsVisible = 0;
			defaultConfigurationName = Release;
		};
		629E723E1F4C11A3002B0D8D /* Build configuration list for PBXNativeTarget "Triangles" */ = {
			isa = XCConfigurationList;
			buildConfigurations = (
				629E723F1F4C11A3002B0D8D /* Debug */,
				629E72401F4C11A3002B0D8D /* Release */,
			);
			defaultConfigurationIsVisible = 0;
			defaultConfigurationName = Release;
		};
/* End XCConfigurationList section */
	};
	rootObject = 629E722F1F4C11A3002B0D8D /* Project object */;
}
